// !$*UTF8*$!
{
	archiveVersion = 1;
	classes = {
	};
	objectVersion = 56;
	objects = {

/* Begin PBXBuildFile section */
		614068560C6C5B24682F3734 /* Pods_Animotion.framework in Frameworks */ = {isa = PBXBuildFile; fileRef = FCB3CC4FA32298CBD6D7F7A6 /* Pods_Animotion.framework */; };
		8713E696B06F08E0A2248138 /* awsconfiguration.json in Resources */ = {isa = PBXBuildFile; fileRef = 16BF68EBF40A1C1CEE798B22 /* awsconfiguration.json */; };
		E70360582A8CFFC700FEAD1A /* ChartViewModel.swift in Sources */ = {isa = PBXBuildFile; fileRef = E70360572A8CFFC700FEAD1A /* ChartViewModel.swift */; };
		E70360602A8D053E00FEAD1A /* DateConverterUnitTests.swift in Sources */ = {isa = PBXBuildFile; fileRef = E703605F2A8D053E00FEAD1A /* DateConverterUnitTests.swift */; };
		E70360672A8D24E300FEAD1A /* DateConvertor.swift in Sources */ = {isa = PBXBuildFile; fileRef = E70360662A8D24E300FEAD1A /* DateConvertor.swift */; };
		E7242D2A2A2F71F10072B625 /* FireBaseAPIManager.swift in Sources */ = {isa = PBXBuildFile; fileRef = E7242D292A2F71F10072B625 /* FireBaseAPIManager.swift */; };
		E73293C62A66B234007CF68F /* CustomLabel.swift in Sources */ = {isa = PBXBuildFile; fileRef = E73293C52A66B234007CF68F /* CustomLabel.swift */; };
		E73A00012A2DFCBE00AA421F /* CarouselCollectionVievModel.swift in Sources */ = {isa = PBXBuildFile; fileRef = E73A00002A2DFCBE00AA421F /* CarouselCollectionVievModel.swift */; };
		E73A00052A2E26CF00AA421F /* DotsView.swift in Sources */ = {isa = PBXBuildFile; fileRef = E73A00042A2E26CF00AA421F /* DotsView.swift */; };
		E73F4F2C2A4AF8260035112A /* VideoPlayer.swift in Sources */ = {isa = PBXBuildFile; fileRef = E73F4F2B2A4AF8260035112A /* VideoPlayer.swift */; };
		E74DFF062A6991AA0057093F /* InitialViewController.swift in Sources */ = {isa = PBXBuildFile; fileRef = E74DFF052A6991AA0057093F /* InitialViewController.swift */; };
		E74DFF082A6995C80057093F /* AuthStateViewModel.swift in Sources */ = {isa = PBXBuildFile; fileRef = E74DFF072A6995C80057093F /* AuthStateViewModel.swift */; };
		E75B6E7C2A200587001BCB6D /* MainViewController.swift in Sources */ = {isa = PBXBuildFile; fileRef = E75B6E7A2A200587001BCB6D /* MainViewController.swift */; };
		E75B6E7D2A200587001BCB6D /* MainViewController.xib in Resources */ = {isa = PBXBuildFile; fileRef = E75B6E7B2A200587001BCB6D /* MainViewController.xib */; };
		E7658DF92A98E70100DAC87F /* ImageManager.swift in Sources */ = {isa = PBXBuildFile; fileRef = E7658DF82A98E70100DAC87F /* ImageManager.swift */; };
		E7693B3A2A293382003C5D3F /* CarouselCollectionView.swift in Sources */ = {isa = PBXBuildFile; fileRef = E7693B392A293382003C5D3F /* CarouselCollectionView.swift */; };
		E7693B3D2A293B29003C5D3F /* CarouselCollectionViewCell.swift in Sources */ = {isa = PBXBuildFile; fileRef = E7693B3C2A293B29003C5D3F /* CarouselCollectionViewCell.swift */; };
		E76AE0B22A1FFF1A00102F15 /* AppDelegate.swift in Sources */ = {isa = PBXBuildFile; fileRef = E76AE0B12A1FFF1A00102F15 /* AppDelegate.swift */; };
		E76AE0B42A1FFF1A00102F15 /* SceneDelegate.swift in Sources */ = {isa = PBXBuildFile; fileRef = E76AE0B32A1FFF1A00102F15 /* SceneDelegate.swift */; };
		E76AE0BB2A1FFF1B00102F15 /* Assets.xcassets in Resources */ = {isa = PBXBuildFile; fileRef = E76AE0BA2A1FFF1B00102F15 /* Assets.xcassets */; };
		E76AE0BE2A1FFF1B00102F15 /* LaunchScreen.storyboard in Resources */ = {isa = PBXBuildFile; fileRef = E76AE0BC2A1FFF1B00102F15 /* LaunchScreen.storyboard */; };
		E77A63AA2A8A64E8001BBE14 /* CaptureMoodViewModel.swift in Sources */ = {isa = PBXBuildFile; fileRef = E77A63A92A8A64E8001BBE14 /* CaptureMoodViewModel.swift */; };
		E77A63AE2A8A7797001BBE14 /* User.swift in Sources */ = {isa = PBXBuildFile; fileRef = E77A63AD2A8A7797001BBE14 /* User.swift */; };
		E782AA2F2A5429D2008893CD /* SideMenu.swift in Sources */ = {isa = PBXBuildFile; fileRef = E782AA2E2A5429D2008893CD /* SideMenu.swift */; };
		E782AA312A543E61008893CD /* SideMenuViewModel.swift in Sources */ = {isa = PBXBuildFile; fileRef = E782AA302A543E61008893CD /* SideMenuViewModel.swift */; };
		E7920F452A668931002B988F /* LoginViewModel.swift in Sources */ = {isa = PBXBuildFile; fileRef = E7920F442A668931002B988F /* LoginViewModel.swift */; };
		E7920F472A668DA1002B988F /* RegistrationViewController.swift in Sources */ = {isa = PBXBuildFile; fileRef = E7920F462A668DA1002B988F /* RegistrationViewController.swift */; };
		E7920F492A669A75002B988F /* RegistrationViewModel.swift in Sources */ = {isa = PBXBuildFile; fileRef = E7920F482A669A75002B988F /* RegistrationViewModel.swift */; };
		E796AB592A5C031F0052A1F1 /* TextField.swift in Sources */ = {isa = PBXBuildFile; fileRef = E796AB582A5C031F0052A1F1 /* TextField.swift */; };
		E796AB5E2A5C04380052A1F1 /* LoginViewController.swift in Sources */ = {isa = PBXBuildFile; fileRef = E796AB5D2A5C04380052A1F1 /* LoginViewController.swift */; };
		E796AB602A5C04550052A1F1 /* CustomTextField.swift in Sources */ = {isa = PBXBuildFile; fileRef = E796AB5F2A5C04550052A1F1 /* CustomTextField.swift */; };
		E796AB632A5C05EE0052A1F1 /* Layout.swift in Sources */ = {isa = PBXBuildFile; fileRef = E796AB622A5C05EE0052A1F1 /* Layout.swift */; };
		E7AEC3F12A2FA52300EC21DE /* GoogleService-Info.plist in Resources */ = {isa = PBXBuildFile; fileRef = E7AEC3F02A2FA52300EC21DE /* GoogleService-Info.plist */; };
		E7BD05F42A8BE12F00BB1D07 /* DateValueFormatter.swift in Sources */ = {isa = PBXBuildFile; fileRef = E7BD05F32A8BE12F00BB1D07 /* DateValueFormatter.swift */; };
		E7BD05F62A8BE17900BB1D07 /* ChartView.swift in Sources */ = {isa = PBXBuildFile; fileRef = E7BD05F52A8BE17900BB1D07 /* ChartView.swift */; };
		E7D457A62A8504BB006D59F1 /* TabBarViewController.swift in Sources */ = {isa = PBXBuildFile; fileRef = E7D457A52A8504BB006D59F1 /* TabBarViewController.swift */; };
		E7D457A82A853141006D59F1 /* CaptureViewController.swift in Sources */ = {isa = PBXBuildFile; fileRef = E7D457A72A853141006D59F1 /* CaptureViewController.swift */; };
		E7D6B8ED2A9514DD0004A57E /* ChartMarker.swift in Sources */ = {isa = PBXBuildFile; fileRef = E7D6B8EC2A9514DD0004A57E /* ChartMarker.swift */; };
		E7DAAFCA2A5C11270009D7B9 /* Button.swift in Sources */ = {isa = PBXBuildFile; fileRef = E7DAAFC92A5C11270009D7B9 /* Button.swift */; };
		E7DAAFCC2A5C39480009D7B9 /* Navigation.swift in Sources */ = {isa = PBXBuildFile; fileRef = E7DAAFCB2A5C39480009D7B9 /* Navigation.swift */; };
		E7DAAFCF2A5C47DC0009D7B9 /* UserScreenViewController.swift in Sources */ = {isa = PBXBuildFile; fileRef = E7DAAFCE2A5C47DC0009D7B9 /* UserScreenViewController.swift */; };
		E7E307332A961EF300F6E698 /* TimerViewModel.swift in Sources */ = {isa = PBXBuildFile; fileRef = E7E307322A961EF300F6E698 /* TimerViewModel.swift */; };
		E7E4385E2A28EB3B002F63F6 /* Forum-Regular.ttf in Resources */ = {isa = PBXBuildFile; fileRef = E7E4385D2A28EB3B002F63F6 /* Forum-Regular.ttf */; };
		E7E6FEA62A69539900431641 /* AlertMessage.swift in Sources */ = {isa = PBXBuildFile; fileRef = E7E6FEA52A69539900431641 /* AlertMessage.swift */; };
		E7E6FEA82A695E7E00431641 /* UserScreenViewModel.swift in Sources */ = {isa = PBXBuildFile; fileRef = E7E6FEA72A695E7E00431641 /* UserScreenViewModel.swift */; };
		E7EFA0E62A20FC3700544275 /* SideMenuViewController.swift in Sources */ = {isa = PBXBuildFile; fileRef = E7EFA0E52A20FC3700544275 /* SideMenuViewController.swift */; };
		E7F168372A28C941004B4E49 /* UIColor.swift in Sources */ = {isa = PBXBuildFile; fileRef = E7F168362A28C941004B4E49 /* UIColor.swift */; };
		E7F1683D2A28CA58004B4E49 /* SideMenuCellTableViewCell.swift in Sources */ = {isa = PBXBuildFile; fileRef = E7F1683B2A28CA58004B4E49 /* SideMenuCellTableViewCell.swift */; };
		E7F1683E2A28CA58004B4E49 /* SideMenuCellTableViewCell.xib in Resources */ = {isa = PBXBuildFile; fileRef = E7F1683C2A28CA58004B4E49 /* SideMenuCellTableViewCell.xib */; };
		E7F28BD32A6AC18900693189 /* ResetPasswordViewController.swift in Sources */ = {isa = PBXBuildFile; fileRef = E7F28BD22A6AC18900693189 /* ResetPasswordViewController.swift */; };
		E7F28BD52A6ADA3500693189 /* ResetPasswordViewModel.swift in Sources */ = {isa = PBXBuildFile; fileRef = E7F28BD42A6ADA3500693189 /* ResetPasswordViewModel.swift */; };
		E7F482012A2FB571008B3888 /* CarouselData.swift in Sources */ = {isa = PBXBuildFile; fileRef = E7F482002A2FB571008B3888 /* CarouselData.swift */; };
		E7F590802A93E2A400339575 /* MenthalState.swift in Sources */ = {isa = PBXBuildFile; fileRef = E7F5907F2A93E2A400339575 /* MenthalState.swift */; };
		F7E5DA716CD8806C157185E7 /* amplifyconfiguration.json in Resources */ = {isa = PBXBuildFile; fileRef = 3E23CDE65449D84BC5FBF22A /* amplifyconfiguration.json */; };
/* End PBXBuildFile section */

/* Begin PBXContainerItemProxy section */
		E70360612A8D053E00FEAD1A /* PBXContainerItemProxy */ = {
			isa = PBXContainerItemProxy;
			containerPortal = E76AE0A62A1FFF1A00102F15 /* Project object */;
			proxyType = 1;
			remoteGlobalIDString = E76AE0AD2A1FFF1A00102F15;
			remoteInfo = Animotion;
		};
/* End PBXContainerItemProxy section */

/* Begin PBXFileReference section */
		16BF68EBF40A1C1CEE798B22 /* awsconfiguration.json */ = {isa = PBXFileReference; explicitFileType = text.json; lastKnownFileType = text.json; name = awsconfiguration.json; path = awsconfiguration.json; sourceTree = "<group>"; };
		27100A960F7EE5529B77A8C3 /* Pods-Animotion.release.xcconfig */ = {isa = PBXFileReference; includeInIndex = 1; lastKnownFileType = text.xcconfig; name = "Pods-Animotion.release.xcconfig"; path = "Target Support Files/Pods-Animotion/Pods-Animotion.release.xcconfig"; sourceTree = "<group>"; };
		3E23CDE65449D84BC5FBF22A /* amplifyconfiguration.json */ = {isa = PBXFileReference; explicitFileType = text.json; lastKnownFileType = text.json; name = amplifyconfiguration.json; path = amplifyconfiguration.json; sourceTree = "<group>"; };
		524192AE8343C00B5BD5AD20 /* Pods-Animotion.debug.xcconfig */ = {isa = PBXFileReference; includeInIndex = 1; lastKnownFileType = text.xcconfig; name = "Pods-Animotion.debug.xcconfig"; path = "Target Support Files/Pods-Animotion/Pods-Animotion.debug.xcconfig"; sourceTree = "<group>"; };
		E70360572A8CFFC700FEAD1A /* ChartViewModel.swift */ = {isa = PBXFileReference; lastKnownFileType = sourcecode.swift; path = ChartViewModel.swift; sourceTree = "<group>"; };
		E703605D2A8D053E00FEAD1A /* AnimotionUnitTests.xctest */ = {isa = PBXFileReference; explicitFileType = wrapper.cfbundle; includeInIndex = 0; path = AnimotionUnitTests.xctest; sourceTree = BUILT_PRODUCTS_DIR; };
		E703605F2A8D053E00FEAD1A /* DateConverterUnitTests.swift */ = {isa = PBXFileReference; lastKnownFileType = sourcecode.swift; path = DateConverterUnitTests.swift; sourceTree = "<group>"; };
		E70360662A8D24E300FEAD1A /* DateConvertor.swift */ = {isa = PBXFileReference; lastKnownFileType = sourcecode.swift; path = DateConvertor.swift; sourceTree = "<group>"; };
		E7242D292A2F71F10072B625 /* FireBaseAPIManager.swift */ = {isa = PBXFileReference; lastKnownFileType = sourcecode.swift; path = FireBaseAPIManager.swift; sourceTree = "<group>"; };
		E73293C52A66B234007CF68F /* CustomLabel.swift */ = {isa = PBXFileReference; lastKnownFileType = sourcecode.swift; path = CustomLabel.swift; sourceTree = "<group>"; };
		E73A00002A2DFCBE00AA421F /* CarouselCollectionVievModel.swift */ = {isa = PBXFileReference; lastKnownFileType = sourcecode.swift; path = CarouselCollectionVievModel.swift; sourceTree = "<group>"; };
		E73A00042A2E26CF00AA421F /* DotsView.swift */ = {isa = PBXFileReference; lastKnownFileType = sourcecode.swift; path = DotsView.swift; sourceTree = "<group>"; };
		E73F4F2B2A4AF8260035112A /* VideoPlayer.swift */ = {isa = PBXFileReference; lastKnownFileType = sourcecode.swift; path = VideoPlayer.swift; sourceTree = "<group>"; };
		E74DFF052A6991AA0057093F /* InitialViewController.swift */ = {isa = PBXFileReference; lastKnownFileType = sourcecode.swift; path = InitialViewController.swift; sourceTree = "<group>"; };
		E74DFF072A6995C80057093F /* AuthStateViewModel.swift */ = {isa = PBXFileReference; lastKnownFileType = sourcecode.swift; path = AuthStateViewModel.swift; sourceTree = "<group>"; };
		E75B6E7A2A200587001BCB6D /* MainViewController.swift */ = {isa = PBXFileReference; lastKnownFileType = sourcecode.swift; path = MainViewController.swift; sourceTree = "<group>"; };
		E75B6E7B2A200587001BCB6D /* MainViewController.xib */ = {isa = PBXFileReference; lastKnownFileType = file.xib; path = MainViewController.xib; sourceTree = "<group>"; };
		E7658DF82A98E70100DAC87F /* ImageManager.swift */ = {isa = PBXFileReference; lastKnownFileType = sourcecode.swift; path = ImageManager.swift; sourceTree = "<group>"; };
		E7693B392A293382003C5D3F /* CarouselCollectionView.swift */ = {isa = PBXFileReference; lastKnownFileType = sourcecode.swift; path = CarouselCollectionView.swift; sourceTree = "<group>"; };
		E7693B3C2A293B29003C5D3F /* CarouselCollectionViewCell.swift */ = {isa = PBXFileReference; lastKnownFileType = sourcecode.swift; path = CarouselCollectionViewCell.swift; sourceTree = "<group>"; };
		E76AE0AE2A1FFF1A00102F15 /* Animotion.app */ = {isa = PBXFileReference; explicitFileType = wrapper.application; includeInIndex = 0; path = Animotion.app; sourceTree = BUILT_PRODUCTS_DIR; };
		E76AE0B12A1FFF1A00102F15 /* AppDelegate.swift */ = {isa = PBXFileReference; lastKnownFileType = sourcecode.swift; path = AppDelegate.swift; sourceTree = "<group>"; };
		E76AE0B32A1FFF1A00102F15 /* SceneDelegate.swift */ = {isa = PBXFileReference; lastKnownFileType = sourcecode.swift; path = SceneDelegate.swift; sourceTree = "<group>"; };
		E76AE0BA2A1FFF1B00102F15 /* Assets.xcassets */ = {isa = PBXFileReference; lastKnownFileType = folder.assetcatalog; path = Assets.xcassets; sourceTree = "<group>"; };
		E76AE0BD2A1FFF1B00102F15 /* Base */ = {isa = PBXFileReference; lastKnownFileType = file.storyboard; name = Base; path = Base.lproj/LaunchScreen.storyboard; sourceTree = "<group>"; };
		E76AE0BF2A1FFF1B00102F15 /* Info.plist */ = {isa = PBXFileReference; lastKnownFileType = text.plist.xml; path = Info.plist; sourceTree = "<group>"; };
		E77A63A92A8A64E8001BBE14 /* CaptureMoodViewModel.swift */ = {isa = PBXFileReference; lastKnownFileType = sourcecode.swift; path = CaptureMoodViewModel.swift; sourceTree = "<group>"; };
		E77A63AD2A8A7797001BBE14 /* User.swift */ = {isa = PBXFileReference; lastKnownFileType = sourcecode.swift; path = User.swift; sourceTree = "<group>"; };
		E782AA2E2A5429D2008893CD /* SideMenu.swift */ = {isa = PBXFileReference; lastKnownFileType = sourcecode.swift; path = SideMenu.swift; sourceTree = "<group>"; };
		E782AA302A543E61008893CD /* SideMenuViewModel.swift */ = {isa = PBXFileReference; lastKnownFileType = sourcecode.swift; path = SideMenuViewModel.swift; sourceTree = "<group>"; };
		E7920F442A668931002B988F /* LoginViewModel.swift */ = {isa = PBXFileReference; lastKnownFileType = sourcecode.swift; path = LoginViewModel.swift; sourceTree = "<group>"; };
		E7920F462A668DA1002B988F /* RegistrationViewController.swift */ = {isa = PBXFileReference; lastKnownFileType = sourcecode.swift; path = RegistrationViewController.swift; sourceTree = "<group>"; };
		E7920F482A669A75002B988F /* RegistrationViewModel.swift */ = {isa = PBXFileReference; lastKnownFileType = sourcecode.swift; path = RegistrationViewModel.swift; sourceTree = "<group>"; };
		E796AB582A5C031F0052A1F1 /* TextField.swift */ = {isa = PBXFileReference; lastKnownFileType = sourcecode.swift; path = TextField.swift; sourceTree = "<group>"; };
		E796AB5D2A5C04380052A1F1 /* LoginViewController.swift */ = {isa = PBXFileReference; lastKnownFileType = sourcecode.swift; path = LoginViewController.swift; sourceTree = "<group>"; };
		E796AB5F2A5C04550052A1F1 /* CustomTextField.swift */ = {isa = PBXFileReference; lastKnownFileType = sourcecode.swift; path = CustomTextField.swift; sourceTree = "<group>"; };
		E796AB622A5C05EE0052A1F1 /* Layout.swift */ = {isa = PBXFileReference; lastKnownFileType = sourcecode.swift; path = Layout.swift; sourceTree = "<group>"; };
		E7A4E0552A729B5C00577C44 /* Animotion.entitlements */ = {isa = PBXFileReference; lastKnownFileType = text.plist.entitlements; path = Animotion.entitlements; sourceTree = "<group>"; };
		E7AEC3F02A2FA52300EC21DE /* GoogleService-Info.plist */ = {isa = PBXFileReference; fileEncoding = 4; lastKnownFileType = text.plist.xml; path = "GoogleService-Info.plist"; sourceTree = "<group>"; };
		E7BD05F32A8BE12F00BB1D07 /* DateValueFormatter.swift */ = {isa = PBXFileReference; lastKnownFileType = sourcecode.swift; path = DateValueFormatter.swift; sourceTree = "<group>"; };
		E7BD05F52A8BE17900BB1D07 /* ChartView.swift */ = {isa = PBXFileReference; lastKnownFileType = sourcecode.swift; path = ChartView.swift; sourceTree = "<group>"; };
		E7D457A52A8504BB006D59F1 /* TabBarViewController.swift */ = {isa = PBXFileReference; lastKnownFileType = sourcecode.swift; path = TabBarViewController.swift; sourceTree = "<group>"; };
		E7D457A72A853141006D59F1 /* CaptureViewController.swift */ = {isa = PBXFileReference; lastKnownFileType = sourcecode.swift; path = CaptureViewController.swift; sourceTree = "<group>"; };
		E7D6B8EC2A9514DD0004A57E /* ChartMarker.swift */ = {isa = PBXFileReference; lastKnownFileType = sourcecode.swift; path = ChartMarker.swift; sourceTree = "<group>"; };
		E7DAAFC92A5C11270009D7B9 /* Button.swift */ = {isa = PBXFileReference; lastKnownFileType = sourcecode.swift; path = Button.swift; sourceTree = "<group>"; };
		E7DAAFCB2A5C39480009D7B9 /* Navigation.swift */ = {isa = PBXFileReference; lastKnownFileType = sourcecode.swift; path = Navigation.swift; sourceTree = "<group>"; };
		E7DAAFCE2A5C47DC0009D7B9 /* UserScreenViewController.swift */ = {isa = PBXFileReference; lastKnownFileType = sourcecode.swift; path = UserScreenViewController.swift; sourceTree = "<group>"; };
		E7E307322A961EF300F6E698 /* TimerViewModel.swift */ = {isa = PBXFileReference; lastKnownFileType = sourcecode.swift; path = TimerViewModel.swift; sourceTree = "<group>"; };
		E7E4385D2A28EB3B002F63F6 /* Forum-Regular.ttf */ = {isa = PBXFileReference; lastKnownFileType = file; path = "Forum-Regular.ttf"; sourceTree = "<group>"; };
		E7E6FEA52A69539900431641 /* AlertMessage.swift */ = {isa = PBXFileReference; lastKnownFileType = sourcecode.swift; path = AlertMessage.swift; sourceTree = "<group>"; };
		E7E6FEA72A695E7E00431641 /* UserScreenViewModel.swift */ = {isa = PBXFileReference; lastKnownFileType = sourcecode.swift; path = UserScreenViewModel.swift; sourceTree = "<group>"; };
		E7EFA0E52A20FC3700544275 /* SideMenuViewController.swift */ = {isa = PBXFileReference; lastKnownFileType = sourcecode.swift; path = SideMenuViewController.swift; sourceTree = "<group>"; };
		E7F168362A28C941004B4E49 /* UIColor.swift */ = {isa = PBXFileReference; lastKnownFileType = sourcecode.swift; path = UIColor.swift; sourceTree = "<group>"; };
		E7F1683B2A28CA58004B4E49 /* SideMenuCellTableViewCell.swift */ = {isa = PBXFileReference; lastKnownFileType = sourcecode.swift; path = SideMenuCellTableViewCell.swift; sourceTree = "<group>"; };
		E7F1683C2A28CA58004B4E49 /* SideMenuCellTableViewCell.xib */ = {isa = PBXFileReference; lastKnownFileType = file.xib; path = SideMenuCellTableViewCell.xib; sourceTree = "<group>"; };
		E7F28BD22A6AC18900693189 /* ResetPasswordViewController.swift */ = {isa = PBXFileReference; lastKnownFileType = sourcecode.swift; path = ResetPasswordViewController.swift; sourceTree = "<group>"; };
		E7F28BD42A6ADA3500693189 /* ResetPasswordViewModel.swift */ = {isa = PBXFileReference; lastKnownFileType = sourcecode.swift; path = ResetPasswordViewModel.swift; sourceTree = "<group>"; };
		E7F482002A2FB571008B3888 /* CarouselData.swift */ = {isa = PBXFileReference; lastKnownFileType = sourcecode.swift; path = CarouselData.swift; sourceTree = "<group>"; };
		E7F5907F2A93E2A400339575 /* MenthalState.swift */ = {isa = PBXFileReference; lastKnownFileType = sourcecode.swift; path = MenthalState.swift; sourceTree = "<group>"; };
		FCB3CC4FA32298CBD6D7F7A6 /* Pods_Animotion.framework */ = {isa = PBXFileReference; explicitFileType = wrapper.framework; includeInIndex = 0; path = Pods_Animotion.framework; sourceTree = BUILT_PRODUCTS_DIR; };
/* End PBXFileReference section */

/* Begin PBXFrameworksBuildPhase section */
		E703605A2A8D053E00FEAD1A /* Frameworks */ = {
			isa = PBXFrameworksBuildPhase;
			buildActionMask = 2147483647;
			files = (
			);
			runOnlyForDeploymentPostprocessing = 0;
		};
		E76AE0AB2A1FFF1A00102F15 /* Frameworks */ = {
			isa = PBXFrameworksBuildPhase;
			buildActionMask = 2147483647;
			files = (
				614068560C6C5B24682F3734 /* Pods_Animotion.framework in Frameworks */,
			);
			runOnlyForDeploymentPostprocessing = 0;
		};
/* End PBXFrameworksBuildPhase section */

/* Begin PBXGroup section */
		221BD035CFD8AA3A7EE13918 /* Frameworks */ = {
			isa = PBXGroup;
			children = (
				FCB3CC4FA32298CBD6D7F7A6 /* Pods_Animotion.framework */,
			);
			name = Frameworks;
			sourceTree = "<group>";
		};
		2AE36784ACF1960373F4CEEF /* Pods */ = {
			isa = PBXGroup;
			children = (
				524192AE8343C00B5BD5AD20 /* Pods-Animotion.debug.xcconfig */,
				27100A960F7EE5529B77A8C3 /* Pods-Animotion.release.xcconfig */,
			);
			path = Pods;
			sourceTree = "<group>";
		};
		E703605E2A8D053E00FEAD1A /* AnimotionUnitTests */ = {
			isa = PBXGroup;
			children = (
				E703605F2A8D053E00FEAD1A /* DateConverterUnitTests.swift */,
			);
			path = AnimotionUnitTests;
			sourceTree = "<group>";
		};
		E73A00062A2E4A4000AA421F /* Network */ = {
			isa = PBXGroup;
			children = (
				E7242D292A2F71F10072B625 /* FireBaseAPIManager.swift */,
			);
			path = Network;
			sourceTree = "<group>";
		};
		E73F4F2A2A4AF8160035112A /* VideoPlayer */ = {
			isa = PBXGroup;
			children = (
				E73F4F2B2A4AF8260035112A /* VideoPlayer.swift */,
			);
			path = VideoPlayer;
			sourceTree = "<group>";
		};
		E74DFF042A69918E0057093F /* InitialViewController */ = {
			isa = PBXGroup;
			children = (
				E74DFF052A6991AA0057093F /* InitialViewController.swift */,
			);
			path = InitialViewController;
			sourceTree = "<group>";
		};
		E7658DF72A98E6F200DAC87F /* utils */ = {
			isa = PBXGroup;
			children = (
				E7658DF82A98E70100DAC87F /* ImageManager.swift */,
			);
			path = utils;
			sourceTree = "<group>";
		};
		E7693B3B2A293B06003C5D3F /* СaroucelView */ = {
			isa = PBXGroup;
			children = (
				E7693B392A293382003C5D3F /* CarouselCollectionView.swift */,
				E7693B3C2A293B29003C5D3F /* CarouselCollectionViewCell.swift */,
			);
			path = "СaroucelView";
			sourceTree = "<group>";
		};
		E76AE0A52A1FFF1A00102F15 = {
			isa = PBXGroup;
			children = (
				E76AE0B02A1FFF1A00102F15 /* Animotion */,
				E703605E2A8D053E00FEAD1A /* AnimotionUnitTests */,
				E76AE0AF2A1FFF1A00102F15 /* Products */,
				2AE36784ACF1960373F4CEEF /* Pods */,
				221BD035CFD8AA3A7EE13918 /* Frameworks */,
				F736CF9DA045743BA6EC4AFB /* AmplifyConfig */,
			);
			sourceTree = "<group>";
		};
		E76AE0AF2A1FFF1A00102F15 /* Products */ = {
			isa = PBXGroup;
			children = (
				E76AE0AE2A1FFF1A00102F15 /* Animotion.app */,
				E703605D2A8D053E00FEAD1A /* AnimotionUnitTests.xctest */,
			);
			name = Products;
			sourceTree = "<group>";
		};
		E76AE0B02A1FFF1A00102F15 /* Animotion */ = {
			isa = PBXGroup;
			children = (
				E7658DF72A98E6F200DAC87F /* utils */,
				E7A4E0552A729B5C00577C44 /* Animotion.entitlements */,
				E76AE0B12A1FFF1A00102F15 /* AppDelegate.swift */,
				E7D87B8B2A3B0EEE00BECCBE /* Helpers */,
				E7F482022A2FB595008B3888 /* source */,
				E7F481FF2A2FB54E008B3888 /* Model */,
				E73A00062A2E4A4000AA421F /* Network */,
				E7E4385C2A28EB27002F63F6 /* Font */,
				E7EFA0E92A2101AE00544275 /* ViewModel */,
				E7EFA0E32A20FBEA00544275 /* View */,
			);
			path = Animotion;
			sourceTree = "<group>";
		};
		E796AB5A2A5C03E90052A1F1 /* LoginScreen */ = {
			isa = PBXGroup;
			children = (
				E796AB5D2A5C04380052A1F1 /* LoginViewController.swift */,
				E7920F462A668DA1002B988F /* RegistrationViewController.swift */,
				E7F28BD22A6AC18900693189 /* ResetPasswordViewController.swift */,
			);
			path = LoginScreen;
			sourceTree = "<group>";
		};
		E796AB612A5C05660052A1F1 /* UIElement */ = {
			isa = PBXGroup;
			children = (
				E73A00042A2E26CF00AA421F /* DotsView.swift */,
				E796AB5F2A5C04550052A1F1 /* CustomTextField.swift */,
				E7DAAFC92A5C11270009D7B9 /* Button.swift */,
				E73293C52A66B234007CF68F /* CustomLabel.swift */,
			);
			path = UIElement;
			sourceTree = "<group>";
		};
		E7BD05F22A8BE11D00BB1D07 /* Chart */ = {
			isa = PBXGroup;
			children = (
				E7BD05F32A8BE12F00BB1D07 /* DateValueFormatter.swift */,
				E70360662A8D24E300FEAD1A /* DateConvertor.swift */,
			);
			path = Chart;
			sourceTree = "<group>";
		};
		E7D457A92A853452006D59F1 /* MoodGraph */ = {
			isa = PBXGroup;
			children = (
				E7BD05F52A8BE17900BB1D07 /* ChartView.swift */,
				E7D6B8EC2A9514DD0004A57E /* ChartMarker.swift */,
			);
			path = MoodGraph;
			sourceTree = "<group>";
		};
		E7D87B8B2A3B0EEE00BECCBE /* Helpers */ = {
			isa = PBXGroup;
			children = (
				E7BD05F22A8BE11D00BB1D07 /* Chart */,
				E7F168352A28C933004B4E49 /* Extencion  */,
			);
			path = Helpers;
			sourceTree = "<group>";
		};
		E7D87B8C2A3B12AD00BECCBE /* Main screen */ = {
			isa = PBXGroup;
			children = (
				E75B6E7A2A200587001BCB6D /* MainViewController.swift */,
				E75B6E7B2A200587001BCB6D /* MainViewController.xib */,
			);
			path = "Main screen";
			sourceTree = "<group>";
		};
		E7DAAFCD2A5C47BC0009D7B9 /* UserScreen */ = {
			isa = PBXGroup;
			children = (
				E7DAAFCE2A5C47DC0009D7B9 /* UserScreenViewController.swift */,
			);
			path = UserScreen;
			sourceTree = "<group>";
		};
		E7E4385C2A28EB27002F63F6 /* Font */ = {
			isa = PBXGroup;
			children = (
				E7E4385D2A28EB3B002F63F6 /* Forum-Regular.ttf */,
			);
			path = Font;
			sourceTree = "<group>";
		};
		E7EFA0E32A20FBEA00544275 /* View */ = {
			isa = PBXGroup;
			children = (
				E7EFA0E42A20FBFE00544275 /* ViewController */,
				E796AB612A5C05660052A1F1 /* UIElement */,
			);
			path = View;
			sourceTree = "<group>";
		};
		E7EFA0E42A20FBFE00544275 /* ViewController */ = {
			isa = PBXGroup;
			children = (
				E7D457A52A8504BB006D59F1 /* TabBarViewController.swift */,
				E7D457A72A853141006D59F1 /* CaptureViewController.swift */,
				E7D457A92A853452006D59F1 /* MoodGraph */,
				E74DFF042A69918E0057093F /* InitialViewController */,
				E7DAAFCD2A5C47BC0009D7B9 /* UserScreen */,
				E796AB5A2A5C03E90052A1F1 /* LoginScreen */,
				E73F4F2A2A4AF8160035112A /* VideoPlayer */,
				E7D87B8C2A3B12AD00BECCBE /* Main screen */,
				E7F168382A28CA1E004B4E49 /* MenuSideBar */,
				E7693B3B2A293B06003C5D3F /* СaroucelView */,
			);
			path = ViewController;
			sourceTree = "<group>";
		};
		E7EFA0E92A2101AE00544275 /* ViewModel */ = {
			isa = PBXGroup;
			children = (
				E73A00002A2DFCBE00AA421F /* CarouselCollectionVievModel.swift */,
				E782AA302A543E61008893CD /* SideMenuViewModel.swift */,
				E7920F442A668931002B988F /* LoginViewModel.swift */,
				E7920F482A669A75002B988F /* RegistrationViewModel.swift */,
				E7E6FEA72A695E7E00431641 /* UserScreenViewModel.swift */,
				E74DFF072A6995C80057093F /* AuthStateViewModel.swift */,
				E7F28BD42A6ADA3500693189 /* ResetPasswordViewModel.swift */,
				E77A63A92A8A64E8001BBE14 /* CaptureMoodViewModel.swift */,
				E70360572A8CFFC700FEAD1A /* ChartViewModel.swift */,
				E7E307322A961EF300F6E698 /* TimerViewModel.swift */,
			);
			path = ViewModel;
			sourceTree = "<group>";
		};
		E7F168352A28C933004B4E49 /* Extencion  */ = {
			isa = PBXGroup;
			children = (
				E7F168362A28C941004B4E49 /* UIColor.swift */,
				E796AB582A5C031F0052A1F1 /* TextField.swift */,
				E796AB622A5C05EE0052A1F1 /* Layout.swift */,
			);
			path = "Extencion ";
			sourceTree = "<group>";
		};
		E7F168382A28CA1E004B4E49 /* MenuSideBar */ = {
			isa = PBXGroup;
			children = (
				E7EFA0E52A20FC3700544275 /* SideMenuViewController.swift */,
				E7F1683B2A28CA58004B4E49 /* SideMenuCellTableViewCell.swift */,
				E7F1683C2A28CA58004B4E49 /* SideMenuCellTableViewCell.xib */,
			);
			path = MenuSideBar;
			sourceTree = "<group>";
		};
		E7F481FF2A2FB54E008B3888 /* Model */ = {
			isa = PBXGroup;
			children = (
				E7F482002A2FB571008B3888 /* CarouselData.swift */,
				E782AA2E2A5429D2008893CD /* SideMenu.swift */,
				E7DAAFCB2A5C39480009D7B9 /* Navigation.swift */,
				E7E6FEA52A69539900431641 /* AlertMessage.swift */,
				E77A63AD2A8A7797001BBE14 /* User.swift */,
				E7F5907F2A93E2A400339575 /* MenthalState.swift */,
			);
			path = Model;
			sourceTree = "<group>";
		};
		E7F482022A2FB595008B3888 /* source */ = {
			isa = PBXGroup;
			children = (
				E76AE0B32A1FFF1A00102F15 /* SceneDelegate.swift */,
				E76AE0BA2A1FFF1B00102F15 /* Assets.xcassets */,
				E7AEC3F02A2FA52300EC21DE /* GoogleService-Info.plist */,
				E76AE0BC2A1FFF1B00102F15 /* LaunchScreen.storyboard */,
				E76AE0BF2A1FFF1B00102F15 /* Info.plist */,
			);
			name = source;
			sourceTree = "<group>";
		};
		F736CF9DA045743BA6EC4AFB /* AmplifyConfig */ = {
			isa = PBXGroup;
			children = (
				16BF68EBF40A1C1CEE798B22 /* awsconfiguration.json */,
				3E23CDE65449D84BC5FBF22A /* amplifyconfiguration.json */,
			);
			name = AmplifyConfig;
			sourceTree = "<group>";
		};
/* End PBXGroup section */

/* Begin PBXNativeTarget section */
		E703605C2A8D053E00FEAD1A /* AnimotionUnitTests */ = {
			isa = PBXNativeTarget;
			buildConfigurationList = E70360632A8D053E00FEAD1A /* Build configuration list for PBXNativeTarget "AnimotionUnitTests" */;
			buildPhases = (
				E70360592A8D053E00FEAD1A /* Sources */,
				E703605A2A8D053E00FEAD1A /* Frameworks */,
				E703605B2A8D053E00FEAD1A /* Resources */,
			);
			buildRules = (
			);
			dependencies = (
				E70360622A8D053E00FEAD1A /* PBXTargetDependency */,
			);
			name = AnimotionUnitTests;
			productName = AnimotionUnitTests;
			productReference = E703605D2A8D053E00FEAD1A /* AnimotionUnitTests.xctest */;
			productType = "com.apple.product-type.bundle.unit-test";
		};
		E76AE0AD2A1FFF1A00102F15 /* Animotion */ = {
			isa = PBXNativeTarget;
			buildConfigurationList = E76AE0C22A1FFF1B00102F15 /* Build configuration list for PBXNativeTarget "Animotion" */;
			buildPhases = (
				897D7DFB523A5A94244BA489 /* [CP] Check Pods Manifest.lock */,
				E76AE0AA2A1FFF1A00102F15 /* Sources */,
				E76AE0AB2A1FFF1A00102F15 /* Frameworks */,
				E76AE0AC2A1FFF1A00102F15 /* Resources */,
				B9AB73621C12F3AE761A391C /* [CP] Embed Pods Frameworks */,
			);
			buildRules = (
			);
			dependencies = (
			);
			name = Animotion;
			productName = Animotion;
			productReference = E76AE0AE2A1FFF1A00102F15 /* Animotion.app */;
			productType = "com.apple.product-type.application";
		};
/* End PBXNativeTarget section */

/* Begin PBXProject section */
		E76AE0A62A1FFF1A00102F15 /* Project object */ = {
			isa = PBXProject;
			attributes = {
				BuildIndependentTargetsInParallel = 1;
				LastSwiftUpdateCheck = 1420;
				LastUpgradeCheck = 1420;
				TargetAttributes = {
					E703605C2A8D053E00FEAD1A = {
						CreatedOnToolsVersion = 14.2;
						TestTargetID = E76AE0AD2A1FFF1A00102F15;
					};
					E76AE0AD2A1FFF1A00102F15 = {
						CreatedOnToolsVersion = 14.2;
					};
				};
			};
			buildConfigurationList = E76AE0A92A1FFF1A00102F15 /* Build configuration list for PBXProject "Animotion" */;
			compatibilityVersion = "Xcode 14.0";
			developmentRegion = en;
			hasScannedForEncodings = 0;
			knownRegions = (
				en,
				Base,
			);
			mainGroup = E76AE0A52A1FFF1A00102F15;
			productRefGroup = E76AE0AF2A1FFF1A00102F15 /* Products */;
			projectDirPath = "";
			projectRoot = "";
			targets = (
				E76AE0AD2A1FFF1A00102F15 /* Animotion */,
				E703605C2A8D053E00FEAD1A /* AnimotionUnitTests */,
			);
		};
/* End PBXProject section */

/* Begin PBXResourcesBuildPhase section */
		E703605B2A8D053E00FEAD1A /* Resources */ = {
			isa = PBXResourcesBuildPhase;
			buildActionMask = 2147483647;
			files = (
			);
			runOnlyForDeploymentPostprocessing = 0;
		};
		E76AE0AC2A1FFF1A00102F15 /* Resources */ = {
			isa = PBXResourcesBuildPhase;
			buildActionMask = 2147483647;
			files = (
				E76AE0BE2A1FFF1B00102F15 /* LaunchScreen.storyboard in Resources */,
				E76AE0BB2A1FFF1B00102F15 /* Assets.xcassets in Resources */,
				E75B6E7D2A200587001BCB6D /* MainViewController.xib in Resources */,
				E7AEC3F12A2FA52300EC21DE /* GoogleService-Info.plist in Resources */,
				E7F1683E2A28CA58004B4E49 /* SideMenuCellTableViewCell.xib in Resources */,
				E7E4385E2A28EB3B002F63F6 /* Forum-Regular.ttf in Resources */,
				8713E696B06F08E0A2248138 /* awsconfiguration.json in Resources */,
				F7E5DA716CD8806C157185E7 /* amplifyconfiguration.json in Resources */,
			);
			runOnlyForDeploymentPostprocessing = 0;
		};
/* End PBXResourcesBuildPhase section */

/* Begin PBXShellScriptBuildPhase section */
		897D7DFB523A5A94244BA489 /* [CP] Check Pods Manifest.lock */ = {
			isa = PBXShellScriptBuildPhase;
			buildActionMask = 2147483647;
			files = (
			);
			inputFileListPaths = (
			);
			inputPaths = (
				"${PODS_PODFILE_DIR_PATH}/Podfile.lock",
				"${PODS_ROOT}/Manifest.lock",
			);
			name = "[CP] Check Pods Manifest.lock";
			outputFileListPaths = (
			);
			outputPaths = (
				"$(DERIVED_FILE_DIR)/Pods-Animotion-checkManifestLockResult.txt",
			);
			runOnlyForDeploymentPostprocessing = 0;
			shellPath = /bin/sh;
			shellScript = "diff \"${PODS_PODFILE_DIR_PATH}/Podfile.lock\" \"${PODS_ROOT}/Manifest.lock\" > /dev/null\nif [ $? != 0 ] ; then\n    # print error to STDERR\n    echo \"error: The sandbox is not in sync with the Podfile.lock. Run 'pod install' or update your CocoaPods installation.\" >&2\n    exit 1\nfi\n# This output is used by Xcode 'outputs' to avoid re-running this script phase.\necho \"SUCCESS\" > \"${SCRIPT_OUTPUT_FILE_0}\"\n";
			showEnvVarsInLog = 0;
		};
		B9AB73621C12F3AE761A391C /* [CP] Embed Pods Frameworks */ = {
			isa = PBXShellScriptBuildPhase;
			buildActionMask = 2147483647;
			files = (
			);
			inputFileListPaths = (
				"${PODS_ROOT}/Target Support Files/Pods-Animotion/Pods-Animotion-frameworks-${CONFIGURATION}-input-files.xcfilelist",
			);
			inputPaths = (
			);
			name = "[CP] Embed Pods Frameworks";
			outputFileListPaths = (
				"${PODS_ROOT}/Target Support Files/Pods-Animotion/Pods-Animotion-frameworks-${CONFIGURATION}-output-files.xcfilelist",
			);
			outputPaths = (
			);
			runOnlyForDeploymentPostprocessing = 0;
			shellPath = /bin/sh;
			shellScript = "\"${PODS_ROOT}/Target Support Files/Pods-Animotion/Pods-Animotion-frameworks.sh\"\n";
			showEnvVarsInLog = 0;
		};
/* End PBXShellScriptBuildPhase section */

/* Begin PBXSourcesBuildPhase section */
		E70360592A8D053E00FEAD1A /* Sources */ = {
			isa = PBXSourcesBuildPhase;
			buildActionMask = 2147483647;
			files = (
				E70360602A8D053E00FEAD1A /* DateConverterUnitTests.swift in Sources */,
			);
			runOnlyForDeploymentPostprocessing = 0;
		};
		E76AE0AA2A1FFF1A00102F15 /* Sources */ = {
			isa = PBXSourcesBuildPhase;
			buildActionMask = 2147483647;
			files = (
				E7920F452A668931002B988F /* LoginViewModel.swift in Sources */,
				E73F4F2C2A4AF8260035112A /* VideoPlayer.swift in Sources */,
				E7693B3D2A293B29003C5D3F /* CarouselCollectionViewCell.swift in Sources */,
				E7242D2A2A2F71F10072B625 /* FireBaseAPIManager.swift in Sources */,
				E796AB592A5C031F0052A1F1 /* TextField.swift in Sources */,
				E7F28BD52A6ADA3500693189 /* ResetPasswordViewModel.swift in Sources */,
				E7F482012A2FB571008B3888 /* CarouselData.swift in Sources */,
				E7E6FEA62A69539900431641 /* AlertMessage.swift in Sources */,
				E7DAAFCA2A5C11270009D7B9 /* Button.swift in Sources */,
				E7EFA0E62A20FC3700544275 /* SideMenuViewController.swift in Sources */,
				E7D6B8ED2A9514DD0004A57E /* ChartMarker.swift in Sources */,
				E73A00012A2DFCBE00AA421F /* CarouselCollectionVievModel.swift in Sources */,
				E73293C62A66B234007CF68F /* CustomLabel.swift in Sources */,
				E70360582A8CFFC700FEAD1A /* ChartViewModel.swift in Sources */,
				E7F168372A28C941004B4E49 /* UIColor.swift in Sources */,
				E7F590802A93E2A400339575 /* MenthalState.swift in Sources */,
				E70360672A8D24E300FEAD1A /* DateConvertor.swift in Sources */,
				E7DAAFCC2A5C39480009D7B9 /* Navigation.swift in Sources */,
				E7693B3A2A293382003C5D3F /* CarouselCollectionView.swift in Sources */,
				E7D457A82A853141006D59F1 /* CaptureViewController.swift in Sources */,
				E77A63AA2A8A64E8001BBE14 /* CaptureMoodViewModel.swift in Sources */,
				E77A63AE2A8A7797001BBE14 /* User.swift in Sources */,
				E782AA312A543E61008893CD /* SideMenuViewModel.swift in Sources */,
				E74DFF062A6991AA0057093F /* InitialViewController.swift in Sources */,
				E74DFF082A6995C80057093F /* AuthStateViewModel.swift in Sources */,
				E76AE0B22A1FFF1A00102F15 /* AppDelegate.swift in Sources */,
				E7F28BD32A6AC18900693189 /* ResetPasswordViewController.swift in Sources */,
				E7E307332A961EF300F6E698 /* TimerViewModel.swift in Sources */,
				E7DAAFCF2A5C47DC0009D7B9 /* UserScreenViewController.swift in Sources */,
				E73A00052A2E26CF00AA421F /* DotsView.swift in Sources */,
				E76AE0B42A1FFF1A00102F15 /* SceneDelegate.swift in Sources */,
				E7658DF92A98E70100DAC87F /* ImageManager.swift in Sources */,
				E796AB632A5C05EE0052A1F1 /* Layout.swift in Sources */,
				E7920F472A668DA1002B988F /* RegistrationViewController.swift in Sources */,
				E7BD05F42A8BE12F00BB1D07 /* DateValueFormatter.swift in Sources */,
				E7BD05F62A8BE17900BB1D07 /* ChartView.swift in Sources */,
				E7D457A62A8504BB006D59F1 /* TabBarViewController.swift in Sources */,
				E7E6FEA82A695E7E00431641 /* UserScreenViewModel.swift in Sources */,
				E796AB5E2A5C04380052A1F1 /* LoginViewController.swift in Sources */,
				E7920F492A669A75002B988F /* RegistrationViewModel.swift in Sources */,
				E796AB602A5C04550052A1F1 /* CustomTextField.swift in Sources */,
				E782AA2F2A5429D2008893CD /* SideMenu.swift in Sources */,
				E75B6E7C2A200587001BCB6D /* MainViewController.swift in Sources */,
				E7F1683D2A28CA58004B4E49 /* SideMenuCellTableViewCell.swift in Sources */,
			);
			runOnlyForDeploymentPostprocessing = 0;
		};
/* End PBXSourcesBuildPhase section */

/* Begin PBXTargetDependency section */
		E70360622A8D053E00FEAD1A /* PBXTargetDependency */ = {
			isa = PBXTargetDependency;
			target = E76AE0AD2A1FFF1A00102F15 /* Animotion */;
			targetProxy = E70360612A8D053E00FEAD1A /* PBXContainerItemProxy */;
		};
/* End PBXTargetDependency section */

/* Begin PBXVariantGroup section */
		E76AE0BC2A1FFF1B00102F15 /* LaunchScreen.storyboard */ = {
			isa = PBXVariantGroup;
			children = (
				E76AE0BD2A1FFF1B00102F15 /* Base */,
			);
			name = LaunchScreen.storyboard;
			sourceTree = "<group>";
		};
/* End PBXVariantGroup section */

/* Begin XCBuildConfiguration section */
		E70360642A8D053E00FEAD1A /* Debug */ = {
			isa = XCBuildConfiguration;
			buildSettings = {
				BUNDLE_LOADER = "$(TEST_HOST)";
				CODE_SIGN_STYLE = Automatic;
				CURRENT_PROJECT_VERSION = 1;
				DEVELOPMENT_TEAM = 882F2W2464;
				GENERATE_INFOPLIST_FILE = YES;
				MARKETING_VERSION = 1.0;
				PRODUCT_BUNDLE_IDENTIFIER = konstantinkaniuka.AnimotionUnitTests;
				PRODUCT_NAME = "$(TARGET_NAME)";
				SWIFT_EMIT_LOC_STRINGS = NO;
				SWIFT_VERSION = 5.0;
				TARGETED_DEVICE_FAMILY = "1,2";
				TEST_HOST = "$(BUILT_PRODUCTS_DIR)/Animotion.app/$(BUNDLE_EXECUTABLE_FOLDER_PATH)/Animotion";
			};
			name = Debug;
		};
		E70360652A8D053E00FEAD1A /* Release */ = {
			isa = XCBuildConfiguration;
			buildSettings = {
				BUNDLE_LOADER = "$(TEST_HOST)";
				CODE_SIGN_STYLE = Automatic;
				CURRENT_PROJECT_VERSION = 1;
				DEVELOPMENT_TEAM = 882F2W2464;
				GENERATE_INFOPLIST_FILE = YES;
				MARKETING_VERSION = 1.0;
				PRODUCT_BUNDLE_IDENTIFIER = konstantinkaniuka.AnimotionUnitTests;
				PRODUCT_NAME = "$(TARGET_NAME)";
				SWIFT_EMIT_LOC_STRINGS = NO;
				SWIFT_VERSION = 5.0;
				TARGETED_DEVICE_FAMILY = "1,2";
				TEST_HOST = "$(BUILT_PRODUCTS_DIR)/Animotion.app/$(BUNDLE_EXECUTABLE_FOLDER_PATH)/Animotion";
			};
			name = Release;
		};
		E76AE0C02A1FFF1B00102F15 /* Debug */ = {
			isa = XCBuildConfiguration;
			buildSettings = {
				ALWAYS_SEARCH_USER_PATHS = NO;
				CLANG_ANALYZER_NONNULL = YES;
				CLANG_ANALYZER_NUMBER_OBJECT_CONVERSION = YES_AGGRESSIVE;
				CLANG_CXX_LANGUAGE_STANDARD = "gnu++20";
				CLANG_ENABLE_MODULES = YES;
				CLANG_ENABLE_OBJC_ARC = YES;
				CLANG_ENABLE_OBJC_WEAK = YES;
				CLANG_WARN_BLOCK_CAPTURE_AUTORELEASING = YES;
				CLANG_WARN_BOOL_CONVERSION = YES;
				CLANG_WARN_COMMA = YES;
				CLANG_WARN_CONSTANT_CONVERSION = YES;
				CLANG_WARN_DEPRECATED_OBJC_IMPLEMENTATIONS = YES;
				CLANG_WARN_DIRECT_OBJC_ISA_USAGE = YES_ERROR;
				CLANG_WARN_DOCUMENTATION_COMMENTS = YES;
				CLANG_WARN_EMPTY_BODY = YES;
				CLANG_WARN_ENUM_CONVERSION = YES;
				CLANG_WARN_INFINITE_RECURSION = YES;
				CLANG_WARN_INT_CONVERSION = YES;
				CLANG_WARN_NON_LITERAL_NULL_CONVERSION = YES;
				CLANG_WARN_OBJC_IMPLICIT_RETAIN_SELF = YES;
				CLANG_WARN_OBJC_LITERAL_CONVERSION = YES;
				CLANG_WARN_OBJC_ROOT_CLASS = YES_ERROR;
				CLANG_WARN_QUOTED_INCLUDE_IN_FRAMEWORK_HEADER = YES;
				CLANG_WARN_RANGE_LOOP_ANALYSIS = YES;
				CLANG_WARN_STRICT_PROTOTYPES = YES;
				CLANG_WARN_SUSPICIOUS_MOVE = YES;
				CLANG_WARN_UNGUARDED_AVAILABILITY = YES_AGGRESSIVE;
				CLANG_WARN_UNREACHABLE_CODE = YES;
				CLANG_WARN__DUPLICATE_METHOD_MATCH = YES;
				COPY_PHASE_STRIP = NO;
				DEBUG_INFORMATION_FORMAT = dwarf;
				ENABLE_STRICT_OBJC_MSGSEND = YES;
				ENABLE_TESTABILITY = YES;
				GCC_C_LANGUAGE_STANDARD = gnu11;
				GCC_DYNAMIC_NO_PIC = NO;
				GCC_NO_COMMON_BLOCKS = YES;
				GCC_OPTIMIZATION_LEVEL = 0;
				GCC_PREPROCESSOR_DEFINITIONS = (
					"DEBUG=1",
					"$(inherited)",
				);
				GCC_WARN_64_TO_32_BIT_CONVERSION = YES;
				GCC_WARN_ABOUT_RETURN_TYPE = YES_ERROR;
				GCC_WARN_UNDECLARED_SELECTOR = YES;
				GCC_WARN_UNINITIALIZED_AUTOS = YES_AGGRESSIVE;
				GCC_WARN_UNUSED_FUNCTION = YES;
				GCC_WARN_UNUSED_VARIABLE = YES;
				IPHONEOS_DEPLOYMENT_TARGET = 16.2;
				MTL_ENABLE_DEBUG_INFO = INCLUDE_SOURCE;
				MTL_FAST_MATH = YES;
				ONLY_ACTIVE_ARCH = YES;
				SDKROOT = iphoneos;
				SWIFT_ACTIVE_COMPILATION_CONDITIONS = DEBUG;
				SWIFT_OPTIMIZATION_LEVEL = "-Onone";
			};
			name = Debug;
		};
		E76AE0C12A1FFF1B00102F15 /* Release */ = {
			isa = XCBuildConfiguration;
			buildSettings = {
				ALWAYS_SEARCH_USER_PATHS = NO;
				CLANG_ANALYZER_NONNULL = YES;
				CLANG_ANALYZER_NUMBER_OBJECT_CONVERSION = YES_AGGRESSIVE;
				CLANG_CXX_LANGUAGE_STANDARD = "gnu++20";
				CLANG_ENABLE_MODULES = YES;
				CLANG_ENABLE_OBJC_ARC = YES;
				CLANG_ENABLE_OBJC_WEAK = YES;
				CLANG_WARN_BLOCK_CAPTURE_AUTORELEASING = YES;
				CLANG_WARN_BOOL_CONVERSION = YES;
				CLANG_WARN_COMMA = YES;
				CLANG_WARN_CONSTANT_CONVERSION = YES;
				CLANG_WARN_DEPRECATED_OBJC_IMPLEMENTATIONS = YES;
				CLANG_WARN_DIRECT_OBJC_ISA_USAGE = YES_ERROR;
				CLANG_WARN_DOCUMENTATION_COMMENTS = YES;
				CLANG_WARN_EMPTY_BODY = YES;
				CLANG_WARN_ENUM_CONVERSION = YES;
				CLANG_WARN_INFINITE_RECURSION = YES;
				CLANG_WARN_INT_CONVERSION = YES;
				CLANG_WARN_NON_LITERAL_NULL_CONVERSION = YES;
				CLANG_WARN_OBJC_IMPLICIT_RETAIN_SELF = YES;
				CLANG_WARN_OBJC_LITERAL_CONVERSION = YES;
				CLANG_WARN_OBJC_ROOT_CLASS = YES_ERROR;
				CLANG_WARN_QUOTED_INCLUDE_IN_FRAMEWORK_HEADER = YES;
				CLANG_WARN_RANGE_LOOP_ANALYSIS = YES;
				CLANG_WARN_STRICT_PROTOTYPES = YES;
				CLANG_WARN_SUSPICIOUS_MOVE = YES;
				CLANG_WARN_UNGUARDED_AVAILABILITY = YES_AGGRESSIVE;
				CLANG_WARN_UNREACHABLE_CODE = YES;
				CLANG_WARN__DUPLICATE_METHOD_MATCH = YES;
				COPY_PHASE_STRIP = NO;
				DEBUG_INFORMATION_FORMAT = "dwarf-with-dsym";
				ENABLE_NS_ASSERTIONS = NO;
				ENABLE_STRICT_OBJC_MSGSEND = YES;
				GCC_C_LANGUAGE_STANDARD = gnu11;
				GCC_NO_COMMON_BLOCKS = YES;
				GCC_WARN_64_TO_32_BIT_CONVERSION = YES;
				GCC_WARN_ABOUT_RETURN_TYPE = YES_ERROR;
				GCC_WARN_UNDECLARED_SELECTOR = YES;
				GCC_WARN_UNINITIALIZED_AUTOS = YES_AGGRESSIVE;
				GCC_WARN_UNUSED_FUNCTION = YES;
				GCC_WARN_UNUSED_VARIABLE = YES;
				IPHONEOS_DEPLOYMENT_TARGET = 16.2;
				MTL_ENABLE_DEBUG_INFO = NO;
				MTL_FAST_MATH = YES;
				SDKROOT = iphoneos;
				SWIFT_COMPILATION_MODE = wholemodule;
				SWIFT_OPTIMIZATION_LEVEL = "-O";
				VALIDATE_PRODUCT = YES;
			};
			name = Release;
		};
		E76AE0C32A1FFF1B00102F15 /* Debug */ = {
			isa = XCBuildConfiguration;
			baseConfigurationReference = 524192AE8343C00B5BD5AD20 /* Pods-Animotion.debug.xcconfig */;
			buildSettings = {
				ASSETCATALOG_COMPILER_APPICON_NAME = AppIcon;
				ASSETCATALOG_COMPILER_GLOBAL_ACCENT_COLOR_NAME = AccentColor;
				CODE_SIGN_ENTITLEMENTS = Animotion/Animotion.entitlements;
				CODE_SIGN_STYLE = Automatic;
				CURRENT_PROJECT_VERSION = 1;
				DEVELOPMENT_TEAM = 882F2W2464;
				GENERATE_INFOPLIST_FILE = YES;
				INFOPLIST_FILE = Animotion/Info.plist;
				INFOPLIST_KEY_LSApplicationCategoryType = "";
				INFOPLIST_KEY_NSPhotoLibraryAddUsageDescription = "Animotion will save the photo to the local directory.";
				INFOPLIST_KEY_NSPhotoLibraryUsageDescription = "";
				INFOPLIST_KEY_UIApplicationSupportsIndirectInputEvents = YES;
				INFOPLIST_KEY_UILaunchStoryboardName = LaunchScreen;
				INFOPLIST_KEY_UISupportedInterfaceOrientations = UIInterfaceOrientationPortrait;
				INFOPLIST_KEY_UISupportedInterfaceOrientations_iPad = "UIInterfaceOrientationLandscapeLeft UIInterfaceOrientationLandscapeRight UIInterfaceOrientationPortrait UIInterfaceOrientationPortraitUpsideDown";
				IPHONEOS_DEPLOYMENT_TARGET = 15.0;
				LD_RUNPATH_SEARCH_PATHS = (
					"$(inherited)",
					"@executable_path/Frameworks",
				);
				MARKETING_VERSION = 1.0;
				PRODUCT_BUNDLE_IDENTIFIER = konstantinkaniuka.Animotion;
				PRODUCT_NAME = "$(TARGET_NAME)";
				SWIFT_EMIT_LOC_STRINGS = YES;
				SWIFT_VERSION = 5.0;
				TARGETED_DEVICE_FAMILY = "1,2";
			};
			name = Debug;
		};
		E76AE0C42A1FFF1B00102F15 /* Release */ = {
			isa = XCBuildConfiguration;
			baseConfigurationReference = 27100A960F7EE5529B77A8C3 /* Pods-Animotion.release.xcconfig */;
			buildSettings = {
				ASSETCATALOG_COMPILER_APPICON_NAME = AppIcon;
				ASSETCATALOG_COMPILER_GLOBAL_ACCENT_COLOR_NAME = AccentColor;
				CODE_SIGN_ENTITLEMENTS = Animotion/Animotion.entitlements;
				CODE_SIGN_STYLE = Automatic;
				CURRENT_PROJECT_VERSION = 1;
				DEVELOPMENT_TEAM = 882F2W2464;
				GENERATE_INFOPLIST_FILE = YES;
				INFOPLIST_FILE = Animotion/Info.plist;
				INFOPLIST_KEY_LSApplicationCategoryType = "";
				INFOPLIST_KEY_NSPhotoLibraryAddUsageDescription = "Animotion will save the photo to the local directory.";
				INFOPLIST_KEY_NSPhotoLibraryUsageDescription = "";
				INFOPLIST_KEY_UIApplicationSupportsIndirectInputEvents = YES;
				INFOPLIST_KEY_UILaunchStoryboardName = LaunchScreen;
				INFOPLIST_KEY_UISupportedInterfaceOrientations = UIInterfaceOrientationPortrait;
				INFOPLIST_KEY_UISupportedInterfaceOrientations_iPad = "UIInterfaceOrientationLandscapeLeft UIInterfaceOrientationLandscapeRight UIInterfaceOrientationPortrait UIInterfaceOrientationPortraitUpsideDown";
				IPHONEOS_DEPLOYMENT_TARGET = 15.0;
				LD_RUNPATH_SEARCH_PATHS = (
					"$(inherited)",
					"@executable_path/Frameworks",
				);
				MARKETING_VERSION = 1.0;
				PRODUCT_BUNDLE_IDENTIFIER = konstantinkaniuka.Animotion;
				PRODUCT_NAME = "$(TARGET_NAME)";
				SWIFT_EMIT_LOC_STRINGS = YES;
				SWIFT_VERSION = 5.0;
				TARGETED_DEVICE_FAMILY = "1,2";
			};
			name = Release;
		};
/* End XCBuildConfiguration section */

/* Begin XCConfigurationList section */
		E70360632A8D053E00FEAD1A /* Build configuration list for PBXNativeTarget "AnimotionUnitTests" */ = {
			isa = XCConfigurationList;
			buildConfigurations = (
				E70360642A8D053E00FEAD1A /* Debug */,
				E70360652A8D053E00FEAD1A /* Release */,
			);
			defaultConfigurationIsVisible = 0;
			defaultConfigurationName = Release;
		};
		E76AE0A92A1FFF1A00102F15 /* Build configuration list for PBXProject "Animotion" */ = {
			isa = XCConfigurationList;
			buildConfigurations = (
				E76AE0C02A1FFF1B00102F15 /* Debug */,
				E76AE0C12A1FFF1B00102F15 /* Release */,
			);
			defaultConfigurationIsVisible = 0;
			defaultConfigurationName = Release;
		};
		E76AE0C22A1FFF1B00102F15 /* Build configuration list for PBXNativeTarget "Animotion" */ = {
			isa = XCConfigurationList;
			buildConfigurations = (
				E76AE0C32A1FFF1B00102F15 /* Debug */,
				E76AE0C42A1FFF1B00102F15 /* Release */,
			);
			defaultConfigurationIsVisible = 0;
			defaultConfigurationName = Release;
		};
/* End XCConfigurationList section */
	};
	rootObject = E76AE0A62A1FFF1A00102F15 /* Project object */;
}
